{
  "name": "agent-evidence-binder-skill",
  "version": "0.1.0",
  "lockfileVersion": 3,
  "requires": true,
  "packages": {
    "": {
      "name": "agent-evidence-binder-skill",
      "version": "0.1.0",
      "license": "MIT",
      "bin": {
        "agent-evidence-binder": "src/cli.js"
      }
    }
  }
}
